// !$*UTF8*$!
{
	archiveVersion = 1;
	classes = {
	};
	objectVersion = 50;
	objects = {

/* Begin PBXBuildFile section */
		B02A20472144B6FA00DA7DB5 /* AppDelegate.swift in Sources */ = {isa = PBXBuildFile; fileRef = B02A20462144B6FA00DA7DB5 /* AppDelegate.swift */; };
		B02A20492144B6FA00DA7DB5 /* ViewController.swift in Sources */ = {isa = PBXBuildFile; fileRef = B02A20482144B6FA00DA7DB5 /* ViewController.swift */; };
		B02A204C2144B6FA00DA7DB5 /* Main.storyboard in Resources */ = {isa = PBXBuildFile; fileRef = B02A204A2144B6FA00DA7DB5 /* Main.storyboard */; };
		B02A204F2144B6FA00DA7DB5 /* GovHack2018.xcdatamodeld in Sources */ = {isa = PBXBuildFile; fileRef = B02A204D2144B6FA00DA7DB5 /* GovHack2018.xcdatamodeld */; };
		B02A20512144B6FB00DA7DB5 /* Assets.xcassets in Resources */ = {isa = PBXBuildFile; fileRef = B02A20502144B6FB00DA7DB5 /* Assets.xcassets */; };
		B02A20542144B6FB00DA7DB5 /* LaunchScreen.storyboard in Resources */ = {isa = PBXBuildFile; fileRef = B02A20522144B6FB00DA7DB5 /* LaunchScreen.storyboard */; };
/* End PBXBuildFile section */

/* Begin PBXFileReference section */
		B02A20432144B6FA00DA7DB5 /* GovHack2018.app */ = {isa = PBXFileReference; explicitFileType = wrapper.application; includeInIndex = 0; path = GovHack2018.app; sourceTree = BUILT_PRODUCTS_DIR; };
		B02A20462144B6FA00DA7DB5 /* AppDelegate.swift */ = {isa = PBXFileReference; lastKnownFileType = sourcecode.swift; path = AppDelegate.swift; sourceTree = "<group>"; };
		B02A20482144B6FA00DA7DB5 /* ViewController.swift */ = {isa = PBXFileReference; lastKnownFileType = sourcecode.swift; path = ViewController.swift; sourceTree = "<group>"; };
		B02A204B2144B6FA00DA7DB5 /* Base */ = {isa = PBXFileReference; lastKnownFileType = file.storyboard; name = Base; path = Base.lproj/Main.storyboard; sourceTree = "<group>"; };
		B02A204E2144B6FA00DA7DB5 /* GovHack2018.xcdatamodel */ = {isa = PBXFileReference; lastKnownFileType = wrapper.xcdatamodel; path = GovHack2018.xcdatamodel; sourceTree = "<group>"; };
		B02A20502144B6FB00DA7DB5 /* Assets.xcassets */ = {isa = PBXFileReference; lastKnownFileType = folder.assetcatalog; path = Assets.xcassets; sourceTree = "<group>"; };
		B02A20532144B6FB00DA7DB5 /* Base */ = {isa = PBXFileReference; lastKnownFileType = file.storyboard; name = Base; path = Base.lproj/LaunchScreen.storyboard; sourceTree = "<group>"; };
		B02A20552144B6FB00DA7DB5 /* Info.plist */ = {isa = PBXFileReference; lastKnownFileType = text.plist.xml; path = Info.plist; sourceTree = "<group>"; };
/* End PBXFileReference section */

/* Begin PBXFrameworksBuildPhase section */
		B02A20402144B6FA00DA7DB5 /* Frameworks */ = {
			isa = PBXFrameworksBuildPhase;
			buildActionMask = 2147483647;
			files = (
			);
			runOnlyForDeploymentPostprocessing = 0;
		};
/* End PBXFrameworksBuildPhase section */

/* Begin PBXGroup section */
		B02A203A2144B6F900DA7DB5 = {
			isa = PBXGroup;
			children = (
				B02A20452144B6FA00DA7DB5 /* GovHack2018 */,
				B02A20442144B6FA00DA7DB5 /* Products */,
			);
			sourceTree = "<group>";
		};
		B02A20442144B6FA00DA7DB5 /* Products */ = {
			isa = PBXGroup;
			children = (
				B02A20432144B6FA00DA7DB5 /* GovHack2018.app */,
			);
			name = Products;
			sourceTree = "<group>";
		};
		B02A20452144B6FA00DA7DB5 /* GovHack2018 */ = {
			isa = PBXGroup;
			children = (
				B02A20462144B6FA00DA7DB5 /* AppDelegate.swift */,
				B02A20482144B6FA00DA7DB5 /* ViewController.swift */,
				B02A204A2144B6FA00DA7DB5 /* Main.storyboard */,
				B02A20502144B6FB00DA7DB5 /* Assets.xcassets */,
				B02A20522144B6FB00DA7DB5 /* LaunchScreen.storyboard */,
				B02A20552144B6FB00DA7DB5 /* Info.plist */,
				B02A204D2144B6FA00DA7DB5 /* GovHack2018.xcdatamodeld */,
			);
			path = GovHack2018;
			sourceTree = "<group>";
		};
/* End PBXGroup section */

/* Begin PBXNativeTarget section */
		B02A20422144B6FA00DA7DB5 /* GovHack2018 */ = {
			isa = PBXNativeTarget;
			buildConfigurationList = B02A20582144B6FB00DA7DB5 /* Build configuration list for PBXNativeTarget "GovHack2018" */;
			buildPhases = (
				B02A203F2144B6FA00DA7DB5 /* Sources */,
				B02A20402144B6FA00DA7DB5 /* Frameworks */,
				B02A20412144B6FA00DA7DB5 /* Resources */,
			);
			buildRules = (
			);
			dependencies = (
			);
			name = GovHack2018;
			productName = GovHack2018;
			productReference = B02A20432144B6FA00DA7DB5 /* GovHack2018.app */;
			productType = "com.apple.product-type.application";
		};
/* End PBXNativeTarget section */

/* Begin PBXProject section */
		B02A203B2144B6F900DA7DB5 /* Project object */ = {
			isa = PBXProject;
			attributes = {
				LastSwiftUpdateCheck = 1000;
				LastUpgradeCheck = 1000;
				ORGANIZATIONNAME = "Rajesh Narayana Rao";
				TargetAttributes = {
					B02A20422144B6FA00DA7DB5 = {
						CreatedOnToolsVersion = 10.0;
					};
				};
			};
			buildConfigurationList = B02A203E2144B6F900DA7DB5 /* Build configuration list for PBXProject "GovHack2018" */;
			compatibilityVersion = "Xcode 9.3";
			developmentRegion = en;
			hasScannedForEncodings = 0;
			knownRegions = (
				en,
				Base,
			);
			mainGroup = B02A203A2144B6F900DA7DB5;
			productRefGroup = B02A20442144B6FA00DA7DB5 /* Products */;
			projectDirPath = "";
			projectRoot = "";
			targets = (
				B02A20422144B6FA00DA7DB5 /* GovHack2018 */,
			);
		};
/* End PBXProject section */

/* Begin PBXResourcesBuildPhase section */
		B02A20412144B6FA00DA7DB5 /* Resources */ = {
			isa = PBXResourcesBuildPhase;
			buildActionMask = 2147483647;
			files = (
				B02A20542144B6FB00DA7DB5 /* LaunchScreen.storyboard in Resources */,
				B02A20512144B6FB00DA7DB5 /* Assets.xcassets in Resources */,
				B02A204C2144B6FA00DA7DB5 /* Main.storyboard in Resources */,
			);
			runOnlyForDeploymentPostprocessing = 0;
		};
/* End PBXResourcesBuildPhase section */

/* Begin PBXSourcesBuildPhase section */
		B02A203F2144B6FA00DA7DB5 /* Sources */ = {
			isa = PBXSourcesBuildPhase;
			buildActionMask = 2147483647;
			files = (
				B02A20492144B6FA00DA7DB5 /* ViewController.swift in Sources */,
				B02A204F2144B6FA00DA7DB5 /* GovHack2018.xcdatamodeld in Sources */,
				B02A20472144B6FA00DA7DB5 /* AppDelegate.swift in Sources */,
			);
			runOnlyForDeploymentPostprocessing = 0;
		};
/* End PBXSourcesBuildPhase section */

/* Begin PBXVariantGroup section */
		B02A204A2144B6FA00DA7DB5 /* Main.storyboard */ = {
			isa = PBXVariantGroup;
			children = (
				B02A204B2144B6FA00DA7DB5 /* Base */,
			);
			name = Main.storyboard;
			sourceTree = "<group>";
		};
		B02A20522144B6FB00DA7DB5 /* LaunchScreen.storyboard */ = {
			isa = PBXVariantGroup;
			children = (
				B02A20532144B6FB00DA7DB5 /* Base */,
			);
			name = LaunchScreen.storyboard;
			sourceTree = "<group>";
		};
/* End PBXVariantGroup section */

/* Begin XCBuildConfiguration section */
		B02A20562144B6FB00DA7DB5 /* Debug */ = {
			isa = XCBuildConfiguration;
			buildSettings = {
				ALWAYS_SEARCH_USER_PATHS = NO;
				CLANG_ANALYZER_NONNULL = YES;
				CLANG_ANALYZER_NUMBER_OBJECT_CONVERSION = YES_AGGRESSIVE;
				CLANG_CXX_LANGUAGE_STANDARD = "gnu++14";
				CLANG_CXX_LIBRARY = "libc++";
				CLANG_ENABLE_MODULES = YES;
				CLANG_ENABLE_OBJC_ARC = YES;
				CLANG_ENABLE_OBJC_WEAK = YES;
				CLANG_WARN_BLOCK_CAPTURE_AUTORELEASING = YES;
				CLANG_WARN_BOOL_CONVERSION = YES;
				CLANG_WARN_COMMA = YES;
				CLANG_WARN_CONSTANT_CONVERSION = YES;
				CLANG_WARN_DEPRECATED_OBJC_IMPLEMENTATIONS = YES;
				CLANG_WARN_DIRECT_OBJC_ISA_USAGE = YES_ERROR;
				CLANG_WARN_DOCUMENTATION_COMMENTS = YES;
				CLANG_WARN_EMPTY_BODY = YES;
				CLANG_WARN_ENUM_CONVERSION = YES;
				CLANG_WARN_INFINITE_RECURSION = YES;
				CLANG_WARN_INT_CONVERSION = YES;
				CLANG_WARN_NON_LITERAL_NULL_CONVERSION = YES;
				CLANG_WARN_OBJC_IMPLICIT_RETAIN_SELF = YES;
				CLANG_WARN_OBJC_LITERAL_CONVERSION = YES;
				CLANG_WARN_OBJC_ROOT_CLASS = YES_ERROR;
				CLANG_WARN_RANGE_LOOP_ANALYSIS = YES;
				CLANG_WARN_STRICT_PROTOTYPES = YES;
				CLANG_WARN_SUSPICIOUS_MOVE = YES;
				CLANG_WARN_UNGUARDED_AVAILABILITY = YES_AGGRESSIVE;
				CLANG_WARN_UNREACHABLE_CODE = YES;
				CLANG_WARN__DUPLICATE_METHOD_MATCH = YES;
				CODE_SIGN_IDENTITY = "iPhone Developer";
				COPY_PHASE_STRIP = NO;
				DEBUG_INFORMATION_FORMAT = dwarf;
				ENABLE_STRICT_OBJC_MSGSEND = YES;
				ENABLE_TESTABILITY = YES;
				GCC_C_LANGUAGE_STANDARD = gnu11;
				GCC_DYNAMIC_NO_PIC = NO;
				GCC_NO_COMMON_BLOCKS = YES;
				GCC_OPTIMIZATION_LEVEL = 0;
				GCC_PREPROCESSOR_DEFINITIONS = (
					"DEBUG=1",
					"$(inherited)",
				);
				GCC_WARN_64_TO_32_BIT_CONVERSION = YES;
				GCC_WARN_ABOUT_RETURN_TYPE = YES_ERROR;
				GCC_WARN_UNDECLARED_SELECTOR = YES;
				GCC_WARN_UNINITIALIZED_AUTOS = YES_AGGRESSIVE;
				GCC_WARN_UNUSED_FUNCTION = YES;
				GCC_WARN_UNUSED_VARIABLE = YES;
				IPHONEOS_DEPLOYMENT_TARGET = 12.0;
				MTL_ENABLE_DEBUG_INFO = INCLUDE_SOURCE;
				ONLY_ACTIVE_ARCH = YES;
				SDKROOT = iphoneos;
				SWIFT_ACTIVE_COMPILATION_CONDITIONS = DEBUG;
				SWIFT_OPTIMIZATION_LEVEL = "-Onone";
			};
			name = Debug;
		};
		B02A20572144B6FB00DA7DB5 /* Release */ = {
			isa = XCBuildConfiguration;
			buildSettings = {
				ALWAYS_SEARCH_USER_PATHS = NO;
				CLANG_ANALYZER_NONNULL = YES;
				CLANG_ANALYZER_NUMBER_OBJECT_CONVERSION = YES_AGGRESSIVE;
				CLANG_CXX_LANGUAGE_STANDARD = "gnu++14";
				CLANG_CXX_LIBRARY = "libc++";
				CLANG_ENABLE_MODULES = YES;
				CLANG_ENABLE_OBJC_ARC = YES;
				CLANG_ENABLE_OBJC_WEAK = YES;
				CLANG_WARN_BLOCK_CAPTURE_AUTORELEASING = YES;
				CLANG_WARN_BOOL_CONVERSION = YES;
				CLANG_WARN_COMMA = YES;
				CLANG_WARN_CONSTANT_CONVERSION = YES;
				CLANG_WARN_DEPRECATED_OBJC_IMPLEMENTATIONS = YES;
				CLANG_WARN_DIRECT_OBJC_ISA_USAGE = YES_ERROR;
				CLANG_WARN_DOCUMENTATION_COMMENTS = YES;
				CLANG_WARN_EMPTY_BODY = YES;
				CLANG_WARN_ENUM_CONVERSION = YES;
				CLANG_WARN_INFINITE_RECURSION = YES;
				CLANG_WARN_INT_CONVERSION = YES;
				CLANG_WARN_NON_LITERAL_NULL_CONVERSION = YES;
				CLANG_WARN_OBJC_IMPLICIT_RETAIN_SELF = YES;
				CLANG_WARN_OBJC_LITERAL_CONVERSION = YES;
				CLANG_WARN_OBJC_ROOT_CLASS = YES_ERROR;
				CLANG_WARN_RANGE_LOOP_ANALYSIS = YES;
				CLANG_WARN_STRICT_PROTOTYPES = YES;
				CLANG_WARN_SUSPICIOUS_MOVE = YES;
				CLANG_WARN_UNGUARDED_AVAILABILITY = YES_AGGRESSIVE;
				CLANG_WARN_UNREACHABLE_CODE = YES;
				CLANG_WARN__DUPLICATE_METHOD_MATCH = YES;
				CODE_SIGN_IDENTITY = "iPhone Developer";
				COPY_PHASE_STRIP = NO;
				DEBUG_INFORMATION_FORMAT = "dwarf-with-dsym";
				ENABLE_NS_ASSERTIONS = NO;
				ENABLE_STRICT_OBJC_MSGSEND = YES;
				GCC_C_LANGUAGE_STANDARD = gnu11;
				GCC_NO_COMMON_BLOCKS = YES;
				GCC_WARN_64_TO_32_BIT_CONVERSION = YES;
				GCC_WARN_ABOUT_RETURN_TYPE = YES_ERROR;
				GCC_WARN_UNDECLARED_SELECTOR = YES;
				GCC_WARN_UNINITIALIZED_AUTOS = YES_AGGRESSIVE;
				GCC_WARN_UNUSED_FUNCTION = YES;
				GCC_WARN_UNUSED_VARIABLE = YES;
				IPHONEOS_DEPLOYMENT_TARGET = 12.0;
				MTL_ENABLE_DEBUG_INFO = NO;
				SDKROOT = iphoneos;
				SWIFT_COMPILATION_MODE = wholemodule;
				SWIFT_OPTIMIZATION_LEVEL = "-O";
				VALIDATE_PRODUCT = YES;
			};
			name = Release;
		};
		B02A20592144B6FB00DA7DB5 /* Debug */ = {
			isa = XCBuildConfiguration;
			buildSettings = {
				ASSETCATALOG_COMPILER_APPICON_NAME = AppIcon;
				CODE_SIGN_STYLE = Automatic;
				DEVELOPMENT_TEAM = V6P6VAWTNH;
				INFOPLIST_FILE = GovHack2018/Info.plist;
				LD_RUNPATH_SEARCH_PATHS = (
					"$(inherited)",
					"@executable_path/Frameworks",
				);
				PRODUCT_BUNDLE_IDENTIFIER = "com.r-apps.GovHack2018";
				PRODUCT_NAME = "$(TARGET_NAME)";
				SWIFT_VERSION = 4.2;
				TARGETED_DEVICE_FAMILY = "1,2";
			};
			name = Debug;
		};
		B02A205A2144B6FB00DA7DB5 /* Release */ = {
			isa = XCBuildConfiguration;
			buildSettings = {
				ASSETCATALOG_COMPILER_APPICON_NAME = AppIcon;
				CODE_SIGN_STYLE = Automatic;
				DEVELOPMENT_TEAM = V6P6VAWTNH;
				INFOPLIST_FILE = GovHack2018/Info.plist;
				LD_RUNPATH_SEARCH_PATHS = (
					"$(inherited)",
					"@executable_path/Frameworks",
				);
				PRODUCT_BUNDLE_IDENTIFIER = "com.r-apps.GovHack2018";
				PRODUCT_NAME = "$(TARGET_NAME)";
				SWIFT_VERSION = 4.2;
				TARGETED_DEVICE_FAMILY = "1,2";
			};
			name = Release;
		};
/* End XCBuildConfiguration section */

/* Begin XCConfigurationList section */
		B02A203E2144B6F900DA7DB5 /* Build configuration list for PBXProject "GovHack2018" */ = {
			isa = XCConfigurationList;
			buildConfigurations = (
				B02A20562144B6FB00DA7DB5 /* Debug */,
				B02A20572144B6FB00DA7DB5 /* Release */,
			);
			defaultConfigurationIsVisible = 0;
			defaultConfigurationName = Release;
		};
		B02A20582144B6FB00DA7DB5 /* Build configuration list for PBXNativeTarget "GovHack2018" */ = {
			isa = XCConfigurationList;
			buildConfigurations = (
				B02A20592144B6FB00DA7DB5 /* Debug */,
				B02A205A2144B6FB00DA7DB5 /* Release */,
			);
			defaultConfigurationIsVisible = 0;
			defaultConfigurationName = Release;
		};
/* End XCConfigurationList section */

/* Begin XCVersionGroup section */
		B02A204D2144B6FA00DA7DB5 /* GovHack2018.xcdatamodeld */ = {
			isa = XCVersionGroup;
			children = (
				B02A204E2144B6FA00DA7DB5 /* GovHack2018.xcdatamodel */,
			);
			currentVersion = B02A204E2144B6FA00DA7DB5 /* GovHack2018.xcdatamodel */;
			path = GovHack2018.xcdatamodeld;
			sourceTree = "<group>";
			versionGroupType = wrapper.xcdatamodel;
		};
/* End XCVersionGroup section */
	};
	rootObject = B02A203B2144B6F900DA7DB5 /* Project object */;
}
